// !$*UTF8*$!
{
	archiveVersion = 1;
	classes = {
	};
	objectVersion = 46;
	objects = {

/* Begin PBXBuildFile section */
		CA1BDB79196D7E9B00FBF658 /* main.swift in Sources */ = {isa = PBXBuildFile; fileRef = CA1BDB78196D7E9B00FBF658 /* main.swift */; };
		CA1BDB7B196D7E9B00FBF658 /* ViewController.swift in Sources */ = {isa = PBXBuildFile; fileRef = CA1BDB7A196D7E9B00FBF658 /* ViewController.swift */; };
		CA1BDB7D196D7E9B00FBF658 /* AppDelegate.swift in Sources */ = {isa = PBXBuildFile; fileRef = CA1BDB7C196D7E9B00FBF658 /* AppDelegate.swift */; };
		CA1BDB7F196D7E9B00FBF658 /* Images.xcassets in Resources */ = {isa = PBXBuildFile; fileRef = CA1BDB7E196D7E9B00FBF658 /* Images.xcassets */; };
		CA1BDB82196D7E9C00FBF658 /* Main.storyboard in Resources */ = {isa = PBXBuildFile; fileRef = CA1BDB80196D7E9C00FBF658 /* Main.storyboard */; };
		CA1BDB8E196D7E9C00FBF658 /* KonigTests.swift in Sources */ = {isa = PBXBuildFile; fileRef = CA1BDB8D196D7E9C00FBF658 /* KonigTests.swift */; };
/* End PBXBuildFile section */

/* Begin PBXContainerItemProxy section */
		CA1BDB88196D7E9C00FBF658 /* PBXContainerItemProxy */ = {
			isa = PBXContainerItemProxy;
			containerPortal = CA1BDB6B196D7E9B00FBF658 /* Project object */;
			proxyType = 1;
			remoteGlobalIDString = CA1BDB72196D7E9B00FBF658;
			remoteInfo = Konig;
		};
/* End PBXContainerItemProxy section */

/* Begin PBXFileReference section */
		CA1BDB73196D7E9B00FBF658 /* Konig.app */ = {isa = PBXFileReference; explicitFileType = wrapper.application; includeInIndex = 0; path = Konig.app; sourceTree = BUILT_PRODUCTS_DIR; };
		CA1BDB77196D7E9B00FBF658 /* Info.plist */ = {isa = PBXFileReference; lastKnownFileType = text.plist.xml; path = Info.plist; sourceTree = "<group>"; };
		CA1BDB78196D7E9B00FBF658 /* main.swift */ = {isa = PBXFileReference; lastKnownFileType = sourcecode.swift; path = main.swift; sourceTree = "<group>"; };
		CA1BDB7A196D7E9B00FBF658 /* ViewController.swift */ = {isa = PBXFileReference; lastKnownFileType = sourcecode.swift; path = ViewController.swift; sourceTree = "<group>"; };
		CA1BDB7C196D7E9B00FBF658 /* AppDelegate.swift */ = {isa = PBXFileReference; lastKnownFileType = sourcecode.swift; path = AppDelegate.swift; sourceTree = "<group>"; };
		CA1BDB7E196D7E9B00FBF658 /* Images.xcassets */ = {isa = PBXFileReference; lastKnownFileType = folder.assetcatalog; path = Images.xcassets; sourceTree = "<group>"; };
		CA1BDB81196D7E9C00FBF658 /* Base */ = {isa = PBXFileReference; lastKnownFileType = file.storyboard; name = Base; path = Base.lproj/Main.storyboard; sourceTree = "<group>"; };
		CA1BDB87196D7E9C00FBF658 /* KonigTests.xctest */ = {isa = PBXFileReference; explicitFileType = wrapper.cfbundle; includeInIndex = 0; path = KonigTests.xctest; sourceTree = BUILT_PRODUCTS_DIR; };
		CA1BDB8C196D7E9C00FBF658 /* Info.plist */ = {isa = PBXFileReference; lastKnownFileType = text.plist.xml; path = Info.plist; sourceTree = "<group>"; };
		CA1BDB8D196D7E9C00FBF658 /* KonigTests.swift */ = {isa = PBXFileReference; lastKnownFileType = sourcecode.swift; path = KonigTests.swift; sourceTree = "<group>"; };
/* End PBXFileReference section */

/* Begin PBXFrameworksBuildPhase section */
		CA1BDB70196D7E9B00FBF658 /* Frameworks */ = {
			isa = PBXFrameworksBuildPhase;
			buildActionMask = 2147483647;
			files = (
			);
			runOnlyForDeploymentPostprocessing = 0;
		};
		CA1BDB84196D7E9C00FBF658 /* Frameworks */ = {
			isa = PBXFrameworksBuildPhase;
			buildActionMask = 2147483647;
			files = (
			);
			runOnlyForDeploymentPostprocessing = 0;
		};
/* End PBXFrameworksBuildPhase section */

/* Begin PBXGroup section */
		CA1BDB6A196D7E9B00FBF658 = {
			isa = PBXGroup;
			children = (
				CA1BDB75196D7E9B00FBF658 /* Konig */,
				CA1BDB8A196D7E9C00FBF658 /* KonigTests */,
				CA1BDB74196D7E9B00FBF658 /* Products */,
			);
			sourceTree = "<group>";
		};
		CA1BDB74196D7E9B00FBF658 /* Products */ = {
			isa = PBXGroup;
			children = (
				CA1BDB73196D7E9B00FBF658 /* Konig.app */,
				CA1BDB87196D7E9C00FBF658 /* KonigTests.xctest */,
			);
			name = Products;
			sourceTree = "<group>";
		};
		CA1BDB75196D7E9B00FBF658 /* Konig */ = {
			isa = PBXGroup;
			children = (
				CA1BDB7A196D7E9B00FBF658 /* ViewController.swift */,
				CA1BDB7C196D7E9B00FBF658 /* AppDelegate.swift */,
				CA1BDB7E196D7E9B00FBF658 /* Images.xcassets */,
				CA1BDB80196D7E9C00FBF658 /* Main.storyboard */,
				CA1BDB76196D7E9B00FBF658 /* Supporting Files */,
			);
			path = Konig;
			sourceTree = "<group>";
		};
		CA1BDB76196D7E9B00FBF658 /* Supporting Files */ = {
			isa = PBXGroup;
			children = (
				CA1BDB77196D7E9B00FBF658 /* Info.plist */,
				CA1BDB78196D7E9B00FBF658 /* main.swift */,
			);
			name = "Supporting Files";
			sourceTree = "<group>";
		};
		CA1BDB8A196D7E9C00FBF658 /* KonigTests */ = {
			isa = PBXGroup;
			children = (
				CA1BDB8D196D7E9C00FBF658 /* KonigTests.swift */,
				CA1BDB8B196D7E9C00FBF658 /* Supporting Files */,
			);
			path = KonigTests;
			sourceTree = "<group>";
		};
		CA1BDB8B196D7E9C00FBF658 /* Supporting Files */ = {
			isa = PBXGroup;
			children = (
				CA1BDB8C196D7E9C00FBF658 /* Info.plist */,
			);
			name = "Supporting Files";
			sourceTree = "<group>";
		};
/* End PBXGroup section */

/* Begin PBXNativeTarget section */
		CA1BDB72196D7E9B00FBF658 /* Konig */ = {
			isa = PBXNativeTarget;
			buildConfigurationList = CA1BDB91196D7E9C00FBF658 /* Build configuration list for PBXNativeTarget "Konig" */;
			buildPhases = (
				CA1BDB6F196D7E9B00FBF658 /* Sources */,
				CA1BDB70196D7E9B00FBF658 /* Frameworks */,
				CA1BDB71196D7E9B00FBF658 /* Resources */,
			);
			buildRules = (
			);
			dependencies = (
			);
			name = Konig;
			productName = Konig;
			productReference = CA1BDB73196D7E9B00FBF658 /* Konig.app */;
			productType = "com.apple.product-type.application";
		};
		CA1BDB86196D7E9C00FBF658 /* KonigTests */ = {
			isa = PBXNativeTarget;
			buildConfigurationList = CA1BDB94196D7E9C00FBF658 /* Build configuration list for PBXNativeTarget "KonigTests" */;
			buildPhases = (
				CA1BDB83196D7E9C00FBF658 /* Sources */,
				CA1BDB84196D7E9C00FBF658 /* Frameworks */,
				CA1BDB85196D7E9C00FBF658 /* Resources */,
			);
			buildRules = (
			);
			dependencies = (
				CA1BDB89196D7E9C00FBF658 /* PBXTargetDependency */,
			);
			name = KonigTests;
			productName = KonigTests;
			productReference = CA1BDB87196D7E9C00FBF658 /* KonigTests.xctest */;
			productType = "com.apple.product-type.bundle.unit-test";
		};
/* End PBXNativeTarget section */

/* Begin PBXProject section */
		CA1BDB6B196D7E9B00FBF658 /* Project object */ = {
			isa = PBXProject;
			attributes = {
				LastUpgradeCheck = 0600;
				ORGANIZATIONNAME = "Filipe Varela";
				TargetAttributes = {
					CA1BDB72196D7E9B00FBF658 = {
						CreatedOnToolsVersion = 6.0;
					};
					CA1BDB86196D7E9C00FBF658 = {
						CreatedOnToolsVersion = 6.0;
						TestTargetID = CA1BDB72196D7E9B00FBF658;
					};
				};
			};
			buildConfigurationList = CA1BDB6E196D7E9B00FBF658 /* Build configuration list for PBXProject "Konig" */;
			compatibilityVersion = "Xcode 3.2";
			developmentRegion = English;
			hasScannedForEncodings = 0;
			knownRegions = (
				en,
				Base,
			);
			mainGroup = CA1BDB6A196D7E9B00FBF658;
			productRefGroup = CA1BDB74196D7E9B00FBF658 /* Products */;
			projectDirPath = "";
			projectRoot = "";
			targets = (
				CA1BDB72196D7E9B00FBF658 /* Konig */,
				CA1BDB86196D7E9C00FBF658 /* KonigTests */,
			);
		};
/* End PBXProject section */

/* Begin PBXResourcesBuildPhase section */
		CA1BDB71196D7E9B00FBF658 /* Resources */ = {
			isa = PBXResourcesBuildPhase;
			buildActionMask = 2147483647;
			files = (
				CA1BDB7F196D7E9B00FBF658 /* Images.xcassets in Resources */,
				CA1BDB82196D7E9C00FBF658 /* Main.storyboard in Resources */,
			);
			runOnlyForDeploymentPostprocessing = 0;
		};
		CA1BDB85196D7E9C00FBF658 /* Resources */ = {
			isa = PBXResourcesBuildPhase;
			buildActionMask = 2147483647;
			files = (
			);
			runOnlyForDeploymentPostprocessing = 0;
		};
/* End PBXResourcesBuildPhase section */

/* Begin PBXSourcesBuildPhase section */
		CA1BDB6F196D7E9B00FBF658 /* Sources */ = {
			isa = PBXSourcesBuildPhase;
			buildActionMask = 2147483647;
			files = (
				CA1BDB7D196D7E9B00FBF658 /* AppDelegate.swift in Sources */,
				CA1BDB7B196D7E9B00FBF658 /* ViewController.swift in Sources */,
				CA1BDB79196D7E9B00FBF658 /* main.swift in Sources */,
			);
			runOnlyForDeploymentPostprocessing = 0;
		};
		CA1BDB83196D7E9C00FBF658 /* Sources */ = {
			isa = PBXSourcesBuildPhase;
			buildActionMask = 2147483647;
			files = (
				CA1BDB8E196D7E9C00FBF658 /* KonigTests.swift in Sources */,
			);
			runOnlyForDeploymentPostprocessing = 0;
		};
/* End PBXSourcesBuildPhase section */

/* Begin PBXTargetDependency section */
		CA1BDB89196D7E9C00FBF658 /* PBXTargetDependency */ = {
			isa = PBXTargetDependency;
			target = CA1BDB72196D7E9B00FBF658 /* Konig */;
			targetProxy = CA1BDB88196D7E9C00FBF658 /* PBXContainerItemProxy */;
		};
/* End PBXTargetDependency section */

/* Begin PBXVariantGroup section */
		CA1BDB80196D7E9C00FBF658 /* Main.storyboard */ = {
			isa = PBXVariantGroup;
			children = (
				CA1BDB81196D7E9C00FBF658 /* Base */,
			);
			name = Main.storyboard;
			sourceTree = "<group>";
		};
/* End PBXVariantGroup section */

/* Begin XCBuildConfiguration section */
		CA1BDB8F196D7E9C00FBF658 /* Debug */ = {
			isa = XCBuildConfiguration;
			buildSettings = {
				ALWAYS_SEARCH_USER_PATHS = NO;
				CLANG_CXX_LANGUAGE_STANDARD = "gnu++0x";
				CLANG_CXX_LIBRARY = "libc++";
				CLANG_ENABLE_MODULES = YES;
				CLANG_ENABLE_OBJC_ARC = YES;
				CLANG_WARN_BOOL_CONVERSION = YES;
				CLANG_WARN_CONSTANT_CONVERSION = YES;
				CLANG_WARN_DIRECT_OBJC_ISA_USAGE = YES_ERROR;
				CLANG_WARN_EMPTY_BODY = YES;
				CLANG_WARN_ENUM_CONVERSION = YES;
				CLANG_WARN_INT_CONVERSION = YES;
				CLANG_WARN_OBJC_ROOT_CLASS = YES_ERROR;
				CLANG_WARN_UNREACHABLE_CODE = YES;
				CLANG_WARN__DUPLICATE_METHOD_MATCH = YES;
				CODE_SIGN_IDENTITY = "-";
				COPY_PHASE_STRIP = NO;
				ENABLE_STRICT_OBJC_MSGSEND = YES;
				GCC_C_LANGUAGE_STANDARD = gnu99;
				GCC_DYNAMIC_NO_PIC = NO;
				GCC_OPTIMIZATION_LEVEL = 0;
				GCC_PREPROCESSOR_DEFINITIONS = (
					"DEBUG=1",
					"$(inherited)",
				);
				GCC_SYMBOLS_PRIVATE_EXTERN = NO;
				GCC_WARN_64_TO_32_BIT_CONVERSION = YES;
				GCC_WARN_ABOUT_RETURN_TYPE = YES_ERROR;
				GCC_WARN_UNDECLARED_SELECTOR = YES;
				GCC_WARN_UNINITIALIZED_AUTOS = YES_AGGRESSIVE;
				GCC_WARN_UNUSED_FUNCTION = YES;
				GCC_WARN_UNUSED_VARIABLE = YES;
				MACOSX_DEPLOYMENT_TARGET = 10.10;
				MTL_ENABLE_DEBUG_INFO = YES;
				ONLY_ACTIVE_ARCH = YES;
				SDKROOT = macosx;
				SWIFT_OPTIMIZATION_LEVEL = "-Onone";
			};
			name = Debug;
		};
		CA1BDB90196D7E9C00FBF658 /* Release */ = {
			isa = XCBuildConfiguration;
			buildSettings = {
				ALWAYS_SEARCH_USER_PATHS = NO;
				CLANG_CXX_LANGUAGE_STANDARD = "gnu++0x";
				CLANG_CXX_LIBRARY = "libc++";
				CLANG_ENABLE_MODULES = YES;
				CLANG_ENABLE_OBJC_ARC = YES;
				CLANG_WARN_BOOL_CONVERSION = YES;
				CLANG_WARN_CONSTANT_CONVERSION = YES;
				CLANG_WARN_DIRECT_OBJC_ISA_USAGE = YES_ERROR;
				CLANG_WARN_EMPTY_BODY = YES;
				CLANG_WARN_ENUM_CONVERSION = YES;
				CLANG_WARN_INT_CONVERSION = YES;
				CLANG_WARN_OBJC_ROOT_CLASS = YES_ERROR;
				CLANG_WARN_UNREACHABLE_CODE = YES;
				CLANG_WARN__DUPLICATE_METHOD_MATCH = YES;
				CODE_SIGN_IDENTITY = "-";
				COPY_PHASE_STRIP = YES;
				DEBUG_INFORMATION_FORMAT = "dwarf-with-dsym";
				ENABLE_NS_ASSERTIONS = NO;
				ENABLE_STRICT_OBJC_MSGSEND = YES;
				GCC_C_LANGUAGE_STANDARD = gnu99;
				GCC_WARN_64_TO_32_BIT_CONVERSION = YES;
				GCC_WARN_ABOUT_RETURN_TYPE = YES_ERROR;
				GCC_WARN_UNDECLARED_SELECTOR = YES;
				GCC_WARN_UNINITIALIZED_AUTOS = YES_AGGRESSIVE;
				GCC_WARN_UNUSED_FUNCTION = YES;
				GCC_WARN_UNUSED_VARIABLE = YES;
				MACOSX_DEPLOYMENT_TARGET = 10.10;
				MTL_ENABLE_DEBUG_INFO = NO;
				SDKROOT = macosx;
			};
			name = Release;
		};
		CA1BDB92196D7E9C00FBF658 /* Debug */ = {
			isa = XCBuildConfiguration;
			buildSettings = {
				ASSETCATALOG_COMPILER_APPICON_NAME = AppIcon;
				COMBINE_HIDPI_IMAGES = YES;
				INFOPLIST_FILE = Konig/Info.plist;
				LD_RUNPATH_SEARCH_PATHS = "$(inherited) @executable_path/../Frameworks";
				PRODUCT_NAME = "$(TARGET_NAME)";
			};
			name = Debug;
		};
		CA1BDB93196D7E9C00FBF658 /* Release */ = {
			isa = XCBuildConfiguration;
			buildSettings = {
				ASSETCATALOG_COMPILER_APPICON_NAME = AppIcon;
				COMBINE_HIDPI_IMAGES = YES;
				INFOPLIST_FILE = Konig/Info.plist;
				LD_RUNPATH_SEARCH_PATHS = "$(inherited) @executable_path/../Frameworks";
				PRODUCT_NAME = "$(TARGET_NAME)";
			};
			name = Release;
		};
		CA1BDB95196D7E9C00FBF658 /* Debug */ = {
			isa = XCBuildConfiguration;
			buildSettings = {
				BUNDLE_LOADER = "$(BUILT_PRODUCTS_DIR)/Konig.app/Contents/MacOS/Konig";
				COMBINE_HIDPI_IMAGES = YES;
				FRAMEWORK_SEARCH_PATHS = (
					"$(DEVELOPER_FRAMEWORKS_DIR)",
					"$(inherited)",
				);
				GCC_PREPROCESSOR_DEFINITIONS = (
					"DEBUG=1",
					"$(inherited)",
				);
				INFOPLIST_FILE = KonigTests/Info.plist;
				LD_RUNPATH_SEARCH_PATHS = "$(inherited) @executable_path/../Frameworks @loader_path/../Frameworks";
				PRODUCT_NAME = "$(TARGET_NAME)";
				TEST_HOST = "$(BUNDLE_LOADER)";
			};
			name = Debug;
		};
		CA1BDB96196D7E9C00FBF658 /* Release */ = {
			isa = XCBuildConfiguration;
			buildSettings = {
				BUNDLE_LOADER = "$(BUILT_PRODUCTS_DIR)/Konig.app/Contents/MacOS/Konig";
				COMBINE_HIDPI_IMAGES = YES;
				FRAMEWORK_SEARCH_PATHS = (
					"$(DEVELOPER_FRAMEWORKS_DIR)",
					"$(inherited)",
				);
				INFOPLIST_FILE = KonigTests/Info.plist;
				LD_RUNPATH_SEARCH_PATHS = "$(inherited) @executable_path/../Frameworks @loader_path/../Frameworks";
				PRODUCT_NAME = "$(TARGET_NAME)";
				TEST_HOST = "$(BUNDLE_LOADER)";
			};
			name = Release;
		};
/* End XCBuildConfiguration section */

/* Begin XCConfigurationList section */
		CA1BDB6E196D7E9B00FBF658 /* Build configuration list for PBXProject "Konig" */ = {
			isa = XCConfigurationList;
			buildConfigurations = (
				CA1BDB8F196D7E9C00FBF658 /* Debug */,
				CA1BDB90196D7E9C00FBF658 /* Release */,
			);
			defaultConfigurationIsVisible = 0;
			defaultConfigurationName = Release;
		};
		CA1BDB91196D7E9C00FBF658 /* Build configuration list for PBXNativeTarget "Konig" */ = {
			isa = XCConfigurationList;
			buildConfigurations = (
				CA1BDB92196D7E9C00FBF658 /* Debug */,
				CA1BDB93196D7E9C00FBF658 /* Release */,
			);
			defaultConfigurationIsVisible = 0;
		};
		CA1BDB94196D7E9C00FBF658 /* Build configuration list for PBXNativeTarget "KonigTests" */ = {
			isa = XCConfigurationList;
			buildConfigurations = (
				CA1BDB95196D7E9C00FBF658 /* Debug */,
				CA1BDB96196D7E9C00FBF658 /* Release */,
			);
			defaultConfigurationIsVisible = 0;
		};
/* End XCConfigurationList section */
	};
	rootObject = CA1BDB6B196D7E9B00FBF658 /* Project object */;
}
